<?xml version="1.0" encoding="UTF-8" standalone="yes" ?>
<CodeBlocks_project_file>
	<FileVersion major="1" minor="6" />
	<Project>
		<Option title="acnf" />
		<Option pch_mode="2" />
		<Option compiler="gcc" />
		<Build>
			<Target title="Debug">
				<Option output="libacnf" prefix_auto="1" extension_auto="1" />
				<Option working_dir="" />
				<Option object_output="X:\Produce\ACNF\.objs" />
				<Option type="2" />
				<Option compiler="gcc" />
				<Option createDefFile="1" />
				<Compiler>
					<Add option="-Wall" />
					<Add option="-DBUILD_DLL" />
					<Add option="-g" />
				</Compiler>
				<Linker>
					<Add library="user32" />
				</Linker>
			</Target>
			<Target title="Release">
				<Option output="acnf" prefix_auto="1" extension_auto="1" />
				<Option object_output="X:\Produce\ACNF\.objs" />
				<Option type="3" />
				<Option compiler="gcc" />
				<Option createDefFile="1" />
				<Option createStaticLib="1" />
				<Compiler>
					<Add option="-Wall" />
					<Add option="-DBUILD_DLL" />
					<Add option="-O2" />
				</Compiler>
				<Linker>
					<Add option="-s" />
					<Add library="user32" />
				</Linker>
			</Target>
		</Build>
		<Compiler>
			<Add directory="source" />
		</Compiler>
		<Unit filename="source\acclient.cpp" />
		<Unit filename="source\acclient.h" />
		<Unit filename="source\acserver.cpp" />
		<Unit filename="source\acserver.h" />
		<Unit filename="source\enet\enet_callbacks.c">
			<Option compilerVar="CC" />
		</Unit>
		<Unit filename="source\enet\enet_callbacks.h" />
		<Unit filename="source\enet\enet_compress.c">
			<Option compilerVar="CC" />
		</Unit>
		<Unit filename="source\enet\enet_enet.h" />
		<Unit filename="source\enet\enet_host.c">
			<Option compilerVar="CC" />
		</Unit>
		<Unit filename="source\enet\enet_list.c">
			<Option compilerVar="CC" />
		</Unit>
		<Unit filename="source\enet\enet_list.h" />
		<Unit filename="source\enet\enet_packet.c">
			<Option compilerVar="CC" />
		</Unit>
		<Unit filename="source\enet\enet_peer.c">
			<Option compilerVar="CC" />
		</Unit>
		<Unit filename="source\enet\enet_protocol.c">
			<Option compilerVar="CC" />
		</Unit>
		<Unit filename="source\enet\enet_protocol.h" />
		<Unit filename="source\enet\enet_time.h" />
		<Unit filename="source\enet\enet_types.h" />
		<Unit filename="source\enet\enet_unix.c">
			<Option compilerVar="CC" />
		</Unit>
		<Unit filename="source\enet\enet_unix.h" />
		<Unit filename="source\enet\enet_utility.h" />
		<Unit filename="source\enet\enet_win32.c">
			<Option compilerVar="CC" />
		</Unit>
		<Unit filename="source\enet\enet_win32.h" />
		<Unit filename="source\frmr_network.cpp" />
		<Unit filename="source\frmr_network.h" />
		<Extensions>
			<code_completion />
			<debugger />
		</Extensions>
	</Project>
</CodeBlocks_project_file>
