<?xml version="1.0" encoding="UTF-8" standalone="yes" ?>
<CodeBlocks_project_file>
	<FileVersion major="1" minor="6" />
	<Project>
		<Option title="FarmNet" />
		<Option pch_mode="2" />
		<Option compiler="gcc" />
		<Build>
			<Target title="Debug">
				<Option output="fnet" prefix_auto="1" extension_auto="1" />
				<Option object_output="X:/Produce/FarmNet/.objs" />
				<Option type="3" />
				<Option compiler="gcc" />
				<Compiler>
					<Add option="-Wall" />
					<Add option="-g" />
					<Add option="-DBUILD_DLL" />
				</Compiler>
			</Target>
			<Target title="Release">
				<Option output="farmnet" prefix_auto="1" extension_auto="1" />
				<Option working_dir="" />
				<Option object_output="X:/Produce/FarmNet/.objs" />
				<Option type="2" />
				<Option compiler="gcc" />
				<Compiler>
					<Add option="-O2" />
					<Add option="-Wall" />
					<Add option="-DBUILD_DLL" />
				</Compiler>
				<Linker>
					<Add option="-s" />
				</Linker>
			</Target>
		</Build>
		<Compiler>
			<Add option="-DWIN32" />
			<Add directory="source" />
		</Compiler>
		<Linker>
			<Add library="user32" />
			<Add library="winmm" />
			<Add library="ws2_32" />
		</Linker>
		<Unit filename="source/enet/enet_callbacks.c">
			<Option compilerVar="CC" />
		</Unit>
		<Unit filename="source/enet/enet_callbacks.h" />
		<Unit filename="source/enet/enet_compress.c">
			<Option compilerVar="CC" />
		</Unit>
		<Unit filename="source/enet/enet_enet.h" />
		<Unit filename="source/enet/enet_host.c">
			<Option compilerVar="CC" />
		</Unit>
		<Unit filename="source/enet/enet_list.c">
			<Option compilerVar="CC" />
		</Unit>
		<Unit filename="source/enet/enet_list.h" />
		<Unit filename="source/enet/enet_packet.c">
			<Option compilerVar="CC" />
		</Unit>
		<Unit filename="source/enet/enet_peer.c">
			<Option compilerVar="CC" />
		</Unit>
		<Unit filename="source/enet/enet_protocol.c">
			<Option compilerVar="CC" />
		</Unit>
		<Unit filename="source/enet/enet_protocol.h" />
		<Unit filename="source/enet/enet_time.h" />
		<Unit filename="source/enet/enet_types.h" />
		<Unit filename="source/enet/enet_unix.c">
			<Option compilerVar="CC" />
		</Unit>
		<Unit filename="source/enet/enet_unix.h" />
		<Unit filename="source/enet/enet_utility.h" />
		<Unit filename="source/enet/enet_win32.c">
			<Option compilerVar="CC" />
		</Unit>
		<Unit filename="source/enet/enet_win32.h" />
		<Unit filename="source/frmr/fnet/client.cpp" />
		<Unit filename="source/frmr/fnet/client.h" />
		<Unit filename="source/frmr/fnet/fnet.h" />
		<Unit filename="source/frmr/fnet/server.cpp" />
		<Unit filename="source/frmr/fnet/server.h" />
		<Extensions>
			<code_completion />
			<debugger />
			<envvars />
		</Extensions>
	</Project>
</CodeBlocks_project_file>
